<?xml version="1.0" encoding="UTF-8" standalone="yes" ?>
<CodeBlocks_project_file>
	<FileVersion major="1" minor="6" />
	<Project>
		<Option title="firmware" />
		<Option pch_mode="2" />
		<Option compiler="avr-gcc" />
		<Build>
			<Target title="Debug">
				<Option output="bin/Debug/firmware.elf" prefix_auto="1" extension_auto="0" />
				<Option working_dir="" />
				<Option object_output="obj/Debug/" />
				<Option type="5" />
				<Option compiler="avr-gcc" />
				<Compiler>
				</Compiler>
			</Target>
			<Target title="Release">
				<Option output="bin/Release/firmware.elf" prefix_auto="1" extension_auto="0" />
				<Option working_dir="" />
				<Option object_output="obj/Release/" />
				<Option type="5" />
				<Option compiler="avr-gcc" />
				<Compiler>
					<Add option="-Os" />
				</Compiler>
			</Target>
			<Environment>
				<Variable name="MCU" value="atmega32" />
			</Environment>
		</Build>
		<Compiler>
			<Add option="-mmcu=atmega32" />
			<Add option="-Wall" />
			<Add option="-std=c++11" />
			<Add option="-ffunction-sections" />
			<Add option="-fdata-sections" />
			<Add option="-funsigned-char" />
			<Add option="-funsigned-bitfields" />
			<Add option="-fpack-struct" />
			<Add option="-fshort-enums" />
			<Add option="-g3" />
			<Add option="-DF_CPU=8000000UL" />
			<Add directory="$(PROJECT_DIR)/" />
			<Add directory="fatFs" />
		</Compiler>
		<Linker>
			<Add option="-mmcu=atmega32" />
			<Add option="-Wl,-Map=$(TARGET_OUTPUT_DIR)$(TARGET_OUTPUT_BASENAME).map,--cref" />
			<Add option="-Wl,--gc-sections" />
		</Linker>
		<ExtraCommands>
			<Add after="avr-size --mcu=atmega32 --format=avr $(TARGET_OUTPUT_FILE)" />
			<Add after='[[ if (PLATFORM == PLATFORM_MSW) { print(_T(&quot;cmd /c &quot;)); } else { print (_T(&quot;sh -c &quot;)); } ]] &quot;avr-objdump -h -S $(TARGET_OUTPUT_FILE) &gt; $(TARGET_OUTPUT_DIR)$(TARGET_OUTPUT_BASENAME).lss&quot;' />
			<Add after="avr-objcopy -R .eeprom -R .fuse -R .lock -R .signature -O ihex $(TARGET_OUTPUT_FILE) $(TARGET_OUTPUT_DIR)$(TARGET_OUTPUT_BASENAME).hex" />
			<Add after="avr-objcopy --no-change-warnings -j .eeprom --change-section-lma .eeprom=0 -O ihex $(TARGET_OUTPUT_FILE) $(TARGET_OUTPUT_DIR)$(TARGET_OUTPUT_BASENAME).eep" />
			<Mode after="always" />
		</ExtraCommands>
		<Unit filename="devices/Ds3231.cpp" />
		<Unit filename="devices/Ds3231.h" />
		<Unit filename="devices/LcdHd44780.cpp" />
		<Unit filename="devices/LcdHd44780.h" />
		<Unit filename="devices/keyboard/KeyEvent.cpp" />
		<Unit filename="devices/keyboard/KeyEvent.h" />
		<Unit filename="devices/keyboard/Keyboard.cpp" />
		<Unit filename="devices/keyboard/Keyboard.h" />
		<Unit filename="devices/keyboard/KeyboardHAL.cpp" />
		<Unit filename="devices/keyboard/KeyboardHAL.h" />
		<Unit filename="devices/keyboard/KeyboardHALAVR.cpp" />
		<Unit filename="devices/keyboard/KeyboardHALAVR.h" />
		<Unit filename="fatFs/diskio.c">
			<Option compilerVar="CC" />
		</Unit>
		<Unit filename="fatFs/diskio.h" />
		<Unit filename="fatFs/ff.c">
			<Option compilerVar="CC" />
		</Unit>
		<Unit filename="fatFs/ff.h" />
		<Unit filename="fatFs/ffconf.h" />
		<Unit filename="fatFs/ffsystem.c">
			<Option compilerVar="CC" />
		</Unit>
		<Unit filename="fatFs/ffunicode.c">
			<Option compilerVar="CC" />
		</Unit>
		<Unit filename="fatFs/mmc_avr.h" />
		<Unit filename="fatFs/mmc_avr_spi.c">
			<Option compilerVar="CC" />
		</Unit>
		<Unit filename="gui/HomeView.cpp" />
		<Unit filename="gui/HomeView.h" />
		<Unit filename="gui/MenuDefinitions.cpp" />
		<Unit filename="gui/MenuDefinitions.h" />
		<Unit filename="gui/MenuItem.cpp" />
		<Unit filename="gui/MenuItem.h" />
		<Unit filename="gui/MenuView.cpp" />
		<Unit filename="gui/MenuView.h" />
		<Unit filename="gui/SetClockView.cpp" />
		<Unit filename="gui/SetClockView.h" />
		<Unit filename="gui/View.cpp" />
		<Unit filename="gui/View.h" />
		<Unit filename="gui/ViewStack.cpp" />
		<Unit filename="gui/ViewStack.h" />
		<Unit filename="main.cpp" />
		<Unit filename="objects/DateTime.cpp" />
		<Unit filename="objects/DateTime.h" />
		<Unit filename="serialInterfaces/TwoWireInterface.cpp" />
		<Unit filename="serialInterfaces/TwoWireInterface.h" />
		<Unit filename="serialInterfaces/Usart.c">
			<Option compilerVar="CC" />
		</Unit>
		<Unit filename="serialInterfaces/Usart.h" />
		<Unit filename="system/cplusplusextensions.cpp" />
		<Extensions>
			<code_completion />
			<envvars />
			<debugger />
		</Extensions>
	</Project>
</CodeBlocks_project_file>
